
Microsoft Visual Studio Solution File, Format Version 12.00
# Visual Studio Version 17
VisualStudioVersion = 17.0.32126.317
MinimumVisualStudioVersion = 10.0.40219.1
Project("{FAE04EC0-301F-11D3-BF4B-00C04F79EFBC}") = "ClassesExercise", "ClassesExercise\ClassesExercise.csproj", "{6EC05B8A-BF89-4933-9E87-2268450F8291}"
EndProject
Global
	GlobalSection(SolutionConfigurationPlatforms) = preSolution
		Debug|Any CPU = Debug|Any CPU
		Release|Any CPU = Release|Any CPU
	EndGlobalSection
	GlobalSection(ProjectConfigurationPlatforms) = postSolution
		{6EC05B8A-BF89-4933-9E87-2268450F8291}.Debug|Any CPU.ActiveCfg = Debug|Any CPU
		{6EC05B8A-BF89-4933-9E87-2268450F8291}.Debug|Any CPU.Build.0 = Debug|Any CPU
		{6EC05B8A-BF89-4933-9E87-2268450F8291}.Release|Any CPU.ActiveCfg = Release|Any CPU
		{6EC05B8A-BF89-4933-9E87-2268450F8291}.Release|Any CPU.Build.0 = Release|Any CPU
	EndGlobalSection
	GlobalSection(SolutionProperties) = preSolution
		HideSolutionNode = FALSE
	EndGlobalSection
	GlobalSection(ExtensibilityGlobals) = postSolution
		SolutionGuid = {E89AC474-7362-4AF5-8E2D-A1CEC3075378}
	EndGlobalSection
EndGlobal
